
Microsoft Visual Studio Solution File, Format Version 12.00
Project("{FAE04EC0-301F-11D3-BF4B-00C04F79EFBC}") = "AvaloniaAotBench", "AvaloniaAotBench\AvaloniaAotBench.csproj", "{1BC39F53-FF0F-4F9E-902A-51802E6F798E}"
EndProject
Global
	GlobalSection(SolutionConfigurationPlatforms) = preSolution
		Debug|Any CPU = Debug|Any CPU
		Release|Any CPU = Release|Any CPU
	EndGlobalSection
	GlobalSection(ProjectConfigurationPlatforms) = postSolution
		{1BC39F53-FF0F-4F9E-902A-51802E6F798E}.Debug|Any CPU.ActiveCfg = Debug|Any CPU
		{1BC39F53-FF0F-4F9E-902A-51802E6F798E}.Debug|Any CPU.Build.0 = Debug|Any CPU
		{1BC39F53-FF0F-4F9E-902A-51802E6F798E}.Release|Any CPU.ActiveCfg = Release|Any CPU
		{1BC39F53-FF0F-4F9E-902A-51802E6F798E}.Release|Any CPU.Build.0 = Release|Any CPU
	EndGlobalSection
EndGlobal
